
Microsoft Visual Studio Solution File, Format Version 12.00
# Visual Studio Version 17
VisualStudioVersion = 17.3.32804.467
MinimumVisualStudioVersion = 10.0.40219.1
Project("{FAE04EC0-301F-11D3-BF4B-00C04F79EFBC}") = "FeemanagementSystem", "FeemanagementSystem\FeemanagementSystem.csproj", "{924D627D-D65B-44CE-B689-8AF115541411}"
EndProject
Global
	GlobalSection(SolutionConfigurationPlatforms) = preSolution
		Debug|Any CPU = Debug|Any CPU
		Release|Any CPU = Release|Any CPU
	EndGlobalSection
	GlobalSection(ProjectConfigurationPlatforms) = postSolution
		{924D627D-D65B-44CE-B689-8AF115541411}.Debug|Any CPU.ActiveCfg = Debug|Any CPU
		{924D627D-D65B-44CE-B689-8AF115541411}.Debug|Any CPU.Build.0 = Debug|Any CPU
		{924D627D-D65B-44CE-B689-8AF115541411}.Release|Any CPU.ActiveCfg = Release|Any CPU
		{924D627D-D65B-44CE-B689-8AF115541411}.Release|Any CPU.Build.0 = Release|Any CPU
	EndGlobalSection
	GlobalSection(SolutionProperties) = preSolution
		HideSolutionNode = FALSE
	EndGlobalSection
	GlobalSection(ExtensibilityGlobals) = postSolution
		SolutionGuid = {2EF94569-1364-4EC5-8CE4-2853E5AB1FA4}
	EndGlobalSection
EndGlobal
